Microsoft Visual Studio Solution File, Format Version 11.00
# Visual Studio 2008

Project("{CFC3DA33-20A1-4759-2FF2-481D3C01ADDB}") = "unity-fish", "Assembly-CSharp.csproj", "{494AFE11-F54A-7B16-C025-A2C62ED1A41E}"
EndProject
Global
	GlobalSection(SolutionConfigurationPlatforms) = preSolution
		Debug|Any CPU = Debug|Any CPU
		Release|Any CPU = Release|Any CPU
	EndGlobalSection
	GlobalSection(ProjectConfigurationPlatforms) = postSolution
		{494AFE11-F54A-7B16-C025-A2C62ED1A41E}.Debug|Any CPU.ActiveCfg = Debug|Any CPU
		{494AFE11-F54A-7B16-C025-A2C62ED1A41E}.Debug|Any CPU.Build.0 = Debug|Any CPU
		{494AFE11-F54A-7B16-C025-A2C62ED1A41E}.Release|Any CPU.ActiveCfg = Release|Any CPU
		{494AFE11-F54A-7B16-C025-A2C62ED1A41E}.Release|Any CPU.Build.0 = Release|Any CPU
	EndGlobalSection
	GlobalSection(SolutionProperties) = preSolution
		HideSolutionNode = FALSE
	EndGlobalSection
	GlobalSection(MonoDevelopProperties) = preSolution
		StartupItem = Assembly-CSharp.csproj
	EndGlobalSection
EndGlobal
